
Microsoft Visual Studio Solution File, Format Version 12.00
# Visual Studio Version 16
VisualStudioVersion = 16.0.30611.23
MinimumVisualStudioVersion = 10.0.40219.1
Project("{8BC9CEB8-8B4A-11D0-8D11-00A0C91BC942}") = "d-cow", "d-cow.vcxproj", "{E4A07EA1-9763-4A1A-BA47-70AE25FE9F20}"
EndProject
Global
	GlobalSection(SolutionConfigurationPlatforms) = preSolution
		Debug|x64 = Debug|x64
		Debug|x86 = Debug|x86
		Release|x64 = Release|x64
		Release|x86 = Release|x86
	EndGlobalSection
	GlobalSection(ProjectConfigurationPlatforms) = postSolution
		{E4A07EA1-9763-4A1A-BA47-70AE25FE9F20}.Debug|x64.ActiveCfg = Debug|x64
		{E4A07EA1-9763-4A1A-BA47-70AE25FE9F20}.Debug|x64.Build.0 = Debug|x64
		{E4A07EA1-9763-4A1A-BA47-70AE25FE9F20}.Debug|x86.ActiveCfg = Debug|Win32
		{E4A07EA1-9763-4A1A-BA47-70AE25FE9F20}.Debug|x86.Build.0 = Debug|Win32
		{E4A07EA1-9763-4A1A-BA47-70AE25FE9F20}.Release|x64.ActiveCfg = Release|x64
		{E4A07EA1-9763-4A1A-BA47-70AE25FE9F20}.Release|x64.Build.0 = Release|x64
		{E4A07EA1-9763-4A1A-BA47-70AE25FE9F20}.Release|x86.ActiveCfg = Release|Win32
		{E4A07EA1-9763-4A1A-BA47-70AE25FE9F20}.Release|x86.Build.0 = Release|Win32
	EndGlobalSection
	GlobalSection(SolutionProperties) = preSolution
		HideSolutionNode = FALSE
	EndGlobalSection
	GlobalSection(ExtensibilityGlobals) = postSolution
		SolutionGuid = {2960EE92-8478-4795-81FB-03FD441AD970}
	EndGlobalSection
EndGlobal
